
Microsoft Visual Studio Solution File, Format Version 12.00
# Visual Studio 2013
VisualStudioVersion = 12.0.30501.0
MinimumVisualStudioVersion = 10.0.40219.1
Project("{FAE04EC0-301F-11D3-BF4B-00C04F79EFBC}") = "CSE445HW2", "CSE445HW2\CSE445HW2.csproj", "{CE94F252-56CA-4C35-AE28-669F62F570FE}"
EndProject
Project("{FAE04EC0-301F-11D3-BF4B-00C04F79EFBC}") = "Hotel Supplier Unit Tests", "Hotel Supplier Unit Tests\Hotel Supplier Unit Tests.csproj", "{C3D9E1E2-F3DE-4487-BEF7-5A7A20F9B945}"
EndProject
Global
	GlobalSection(SolutionConfigurationPlatforms) = preSolution
		Debug|Any CPU = Debug|Any CPU
		Release|Any CPU = Release|Any CPU
	EndGlobalSection
	GlobalSection(ProjectConfigurationPlatforms) = postSolution
		{CE94F252-56CA-4C35-AE28-669F62F570FE}.Debug|Any CPU.ActiveCfg = Debug|Any CPU
		{CE94F252-56CA-4C35-AE28-669F62F570FE}.Debug|Any CPU.Build.0 = Debug|Any CPU
		{CE94F252-56CA-4C35-AE28-669F62F570FE}.Release|Any CPU.ActiveCfg = Release|Any CPU
		{CE94F252-56CA-4C35-AE28-669F62F570FE}.Release|Any CPU.Build.0 = Release|Any CPU
		{C3D9E1E2-F3DE-4487-BEF7-5A7A20F9B945}.Debug|Any CPU.ActiveCfg = Debug|Any CPU
		{C3D9E1E2-F3DE-4487-BEF7-5A7A20F9B945}.Debug|Any CPU.Build.0 = Debug|Any CPU
		{C3D9E1E2-F3DE-4487-BEF7-5A7A20F9B945}.Release|Any CPU.ActiveCfg = Release|Any CPU
		{C3D9E1E2-F3DE-4487-BEF7-5A7A20F9B945}.Release|Any CPU.Build.0 = Release|Any CPU
	EndGlobalSection
	GlobalSection(SolutionProperties) = preSolution
		HideSolutionNode = FALSE
	EndGlobalSection
EndGlobal
